<?xml version="1.0" encoding="utf-8"?>
<Project xmlns="http://schemas.microsoft.com/developer/msbuild/2003" ToolsVersion="4.0">
  <ItemGroup>
    <Filter Include="Chat">
      <UniqueIdentifier>{3c4d5e6f-7a8b-9c0d-1e2f-3a4b5c6d7e8f}</UniqueIdentifier>
    </Filter>
    <Filter Include="Core">
      <UniqueIdentifier>{1a2b3c4d-5e6f-7a8b-9c0d-1e2f3a4b5c6d}</UniqueIdentifier>
    </Filter>
    <Filter Include="DialogBox">
      <UniqueIdentifier>{a1b2c3d4-e5f6-7890-abcd-ef1234567890}</UniqueIdentifier>
    </Filter>
    <Filter Include="Effects">
      <UniqueIdentifier>{b2c3d4e5-f6a7-8901-bcde-f12345678901}</UniqueIdentifier>
    </Filter>
    <Filter Include="Entities">
      <UniqueIdentifier>{8b9c0d1e-2f3a-4b5c-6d7e-8f9a0b1c2d3e}</UniqueIdentifier>
    </Filter>
    <Filter Include="Input">
      <UniqueIdentifier>{d4e5f6a7-b8c9-0123-defa-345678901234}</UniqueIdentifier>
    </Filter>
    <Filter Include="Language">
      <UniqueIdentifier>{a84ba1ae-b737-4f8d-838c-df968cce5e66}</UniqueIdentifier>
    </Filter>
    <Filter Include="Managers">
      <UniqueIdentifier>{2b3c4d5e-6f7a-8b9c-0d1e-2f3a4b5c6d7e}</UniqueIdentifier>
    </Filter>
    <Filter Include="Network">
      <UniqueIdentifier>{5e6f7a8b-9c0d-1e2f-3a4b-5c6d7e8f9a0b}</UniqueIdentifier>
    </Filter>
    <Filter Include="Network\Messages">
      <UniqueIdentifier>{a1b2c3d4-e5f6-7890-abcd-ef1234567891}</UniqueIdentifier>
    </Filter>
    <Filter Include="Rendering">
      <UniqueIdentifier>{6f7a8b9c-0d1e-2f3a-4b5c-6d7e8f9a0b1c}</UniqueIdentifier>
    </Filter>
    <Filter Include="Resources">
      <UniqueIdentifier>{9c0d1e2f-3a4b-5c6d-7e8f-9a0b1c2d3e4f}</UniqueIdentifier>
    </Filter>
    <Filter Include="Screens">
      <UniqueIdentifier>{c3d4e5f6-a7b8-9012-cdef-234567890123}</UniqueIdentifier>
    </Filter>
    <Filter Include="Screens\Overlays">
      <UniqueIdentifier>{e5f6a7b8-c9d0-1234-efab-456789012345}</UniqueIdentifier>
    </Filter>
    <Filter Include="World">
      <UniqueIdentifier>{7a8b9c0d-1e2f-3a4b-5c6d-7e8f9a0b1c2d}</UniqueIdentifier>
    </Filter>
    <Filter Include="Shared">
      <UniqueIdentifier>{d1e2f3a4-b5c6-7890-abcd-shared000001}</UniqueIdentifier>
    </Filter>
    <Filter Include="Shared\Interfaces">
      <UniqueIdentifier>{d1e2f3a4-b5c6-7890-abcd-shared000002}</UniqueIdentifier>
    </Filter>
    <Filter Include="Shared\Item">
      <UniqueIdentifier>{d1e2f3a4-b5c6-7890-abcd-shared000003}</UniqueIdentifier>
    </Filter>
    <Filter Include="Shared\Network">
      <UniqueIdentifier>{d1e2f3a4-b5c6-7890-abcd-shared000004}</UniqueIdentifier>
    </Filter>
    <Filter Include="Shared\Packet">
      <UniqueIdentifier>{d1e2f3a4-b5c6-7890-abcd-shared000005}</UniqueIdentifier>
    </Filter>
    <Filter Include="Shared\Rendering">
      <UniqueIdentifier>{d1e2f3a4-b5c6-7890-abcd-shared000006}</UniqueIdentifier>
    </Filter>
    <Filter Include="Shared\Entity">
      <UniqueIdentifier>{d1e2f3a4-b5c6-7890-abcd-shared000007}</UniqueIdentifier>
    </Filter>
    <Filter Include="Shared\Game">
      <UniqueIdentifier>{d1e2f3a4-b5c6-7890-abcd-shared000008}</UniqueIdentifier>
    </Filter>
    <Filter Include="Shared\Log">
      <UniqueIdentifier>{d1e2f3a4-b5c6-7890-abcd-shared000009}</UniqueIdentifier>
    </Filter>
  </ItemGroup>
  <ItemGroup>
    <ClInclude Include="ActionID_Client.h">
      <Filter>Core</Filter>
    </ClInclude>
    <ClInclude Include="AnimationState.h">
      <Filter>Entities</Filter>
    </ClInclude>
    <ClInclude Include="AudioManager.h">
      <Filter>Managers</Filter>
    </ClInclude>
    <ClInclude Include="Benchmark.h">
      <Filter>Core</Filter>
    </ClInclude>
    <ClInclude Include="BuildItem.h">
      <Filter>Entities</Filter>
    </ClInclude>
    <ClInclude Include="Camera.h">
      <Filter>World</Filter>
    </ClInclude>
    <ClInclude Include="CharInfo.h">
      <Filter>Entities</Filter>
    </ClInclude>
    <ClInclude Include="ChatCommandManager.h">
      <Filter>Chat</Filter>
    </ClInclude>
    <ClInclude Include="CombatSystem.h">
      <Filter>Managers</Filter>
    </ClInclude>
    <ClInclude Include="InventoryManager.h">
      <Filter>Managers</Filter>
    </ClInclude>
    <ClInclude Include="MagicCastingSystem.h">
      <Filter>Managers</Filter>
    </ClInclude>
    <ClInclude Include="BuildItemManager.h">
      <Filter>Managers</Filter>
    </ClInclude>
    <ClInclude Include="ShopManager.h">
      <Filter>Managers</Filter>
    </ClInclude>
    <ClInclude Include="TeleportManager.h">
      <Filter>Managers</Filter>
    </ClInclude>
    <ClInclude Include="TextInputManager.h">
      <Filter>Managers</Filter>
    </ClInclude>
    <ClInclude Include="EventListManager.h">
      <Filter>Managers</Filter>
    </ClInclude>
    <ClInclude Include="ChatMsg.h">
      <Filter>Chat</Filter>
    </ClInclude>
    <ClInclude Include="ChatManager.h">
      <Filter>Chat</Filter>
    </ClInclude>
    <ClInclude Include="ItemNameFormatter.h">
      <Filter>Managers</Filter>
    </ClInclude>
    <ClInclude Include="ItemSpriteMetadata.h">
      <Filter>Managers</Filter>
    </ClInclude>
    <ClInclude Include="ClientMessages.h">
      <Filter>Network</Filter>
    </ClInclude>
    <ClInclude Include="CommonTypes.h">
      <Filter>Core</Filter>
    </ClInclude>
    <ClInclude Include="PacketSendHelpers.h">
      <Filter>Network</Filter>
    </ClInclude>
    <ClInclude Include="ConfigManager.h">
      <Filter>Managers</Filter>
    </ClInclude>
    <ClInclude Include="CursorTarget.h">
      <Filter>Input</Filter>
    </ClInclude>
    <ClInclude Include="DialogBoxIDs.h">
      <Filter>DialogBox</Filter>
    </ClInclude>
    <ClInclude Include="DialogBoxManager.h">
      <Filter>DialogBox</Filter>
    </ClInclude>
    <ClInclude Include="DialogBox_Bank.h">
      <Filter>DialogBox</Filter>
    </ClInclude>
    <ClInclude Include="DialogBox_ChangeStatsMajestic.h">
      <Filter>DialogBox</Filter>
    </ClInclude>
    <ClInclude Include="DialogBox_TesterMenu.h">
      <Filter>DialogBox</Filter>
    </ClInclude>
    <ClInclude Include="DialogBox_ItemCreator.h">
      <Filter>DialogBox</Filter>
    </ClInclude>
    <ClInclude Include="DialogBox_Character.h">
      <Filter>DialogBox</Filter>
    </ClInclude>
    <ClInclude Include="DialogBox_ChatHistory.h">
      <Filter>DialogBox</Filter>
    </ClInclude>
    <ClInclude Include="DialogBox_CityHallMenu.h">
      <Filter>DialogBox</Filter>
    </ClInclude>
    <ClInclude Include="DialogBox_Commander.h">
      <Filter>DialogBox</Filter>
    </ClInclude>
    <ClInclude Include="DialogBox_ConfirmExchange.h">
      <Filter>DialogBox</Filter>
    </ClInclude>
    <ClInclude Include="DialogBox_Constructor.h">
      <Filter>DialogBox</Filter>
    </ClInclude>
    <ClInclude Include="DialogBox_CrusadeJob.h">
      <Filter>DialogBox</Filter>
    </ClInclude>
    <ClInclude Include="DialogBox_Exchange.h">
      <Filter>DialogBox</Filter>
    </ClInclude>
    <ClInclude Include="DialogBox_Fishing.h">
      <Filter>DialogBox</Filter>
    </ClInclude>
    <ClInclude Include="DialogBox_GuideMap.h">
      <Filter>DialogBox</Filter>
    </ClInclude>
    <ClInclude Include="DialogBox_CommandHallMenu.h">
      <Filter>DialogBox</Filter>
    </ClInclude>
    <ClInclude Include="DialogBox_GuildMenu.h">
      <Filter>DialogBox</Filter>
    </ClInclude>
    <ClInclude Include="DialogBox_GuildOperation.h">
      <Filter>DialogBox</Filter>
    </ClInclude>
    <ClInclude Include="DialogBox_Help.h">
      <Filter>DialogBox</Filter>
    </ClInclude>
    <ClInclude Include="DialogBox_HudPanel.h">
      <Filter>DialogBox</Filter>
    </ClInclude>
    <ClInclude Include="DialogBox_StatusOverlay.h">
      <Filter>DialogBox</Filter>
    </ClInclude>
    <ClInclude Include="DialogBox_Inventory.h">
      <Filter>DialogBox</Filter>
    </ClInclude>
    <ClInclude Include="DialogBox_ItemDrop.h">
      <Filter>DialogBox</Filter>
    </ClInclude>
    <ClInclude Include="DialogBox_ItemDropAmount.h">
      <Filter>DialogBox</Filter>
    </ClInclude>
    <ClInclude Include="DialogBox_ItemUpgrade.h">
      <Filter>DialogBox</Filter>
    </ClInclude>
    <ClInclude Include="DialogBox_LevelUpSetting.h">
      <Filter>DialogBox</Filter>
    </ClInclude>
    <ClInclude Include="DialogBox_Magic.h">
      <Filter>DialogBox</Filter>
    </ClInclude>
    <ClInclude Include="DialogBox_MagicShop.h">
      <Filter>DialogBox</Filter>
    </ClInclude>
    <ClInclude Include="DialogBox_Manufacture.h">
      <Filter>DialogBox</Filter>
    </ClInclude>
    <ClInclude Include="DialogBox_Map.h">
      <Filter>DialogBox</Filter>
    </ClInclude>
    <ClInclude Include="DialogBox_Noticement.h">
      <Filter>DialogBox</Filter>
    </ClInclude>
    <ClInclude Include="DialogBox_NpcActionQuery.h">
      <Filter>DialogBox</Filter>
    </ClInclude>
    <ClInclude Include="DialogBox_NpcTalk.h">
      <Filter>DialogBox</Filter>
    </ClInclude>
    <ClInclude Include="DialogBox_Party.h">
      <Filter>DialogBox</Filter>
    </ClInclude>
    <ClInclude Include="DialogBox_Quest.h">
      <Filter>DialogBox</Filter>
    </ClInclude>
    <ClInclude Include="DialogBox_RepairAll.h">
      <Filter>DialogBox</Filter>
    </ClInclude>
    <ClInclude Include="DialogBox_Resurrect.h">
      <Filter>DialogBox</Filter>
    </ClInclude>
    <ClInclude Include="DialogBox_SellList.h">
      <Filter>DialogBox</Filter>
    </ClInclude>
    <ClInclude Include="DialogBox_SellOrRepair.h">
      <Filter>DialogBox</Filter>
    </ClInclude>
    <ClInclude Include="DialogBox_Shop.h">
      <Filter>DialogBox</Filter>
    </ClInclude>
    <ClInclude Include="DialogBox_Skill.h">
      <Filter>DialogBox</Filter>
    </ClInclude>
    <ClInclude Include="DialogBox_Slates.h">
      <Filter>DialogBox</Filter>
    </ClInclude>
    <ClInclude Include="DialogBox_Soldier.h">
      <Filter>DialogBox</Filter>
    </ClInclude>
    <ClInclude Include="DialogBox_SysMenu.h">
      <Filter>DialogBox</Filter>
    </ClInclude>
    <ClInclude Include="DialogBox_Text.h">
      <Filter>DialogBox</Filter>
    </ClInclude>
    <ClInclude Include="DialogBox_WarningMsg.h">
      <Filter>DialogBox</Filter>
    </ClInclude>
    <ClInclude Include="Effect.h">
      <Filter>Effects</Filter>
    </ClInclude>
    <ClInclude Include="EffectManager.h">
      <Filter>Effects</Filter>
    </ClInclude>
    <ClInclude Include="EntityMotion.h">
      <Filter>Entities</Filter>
    </ClInclude>
    <ClInclude Include="EntityRenderState.h">
      <Filter>Entities</Filter>
    </ClInclude>
    <ClInclude Include="EquipmentIndices.h">
      <Filter>Rendering</Filter>
    </ClInclude>
    <ClInclude Include="FloatingText.h">
      <Filter>Rendering</Filter>
    </ClInclude>
    <ClInclude Include="FloatingTextManager.h">
      <Filter>Rendering</Filter>
    </ClInclude>
    <ClInclude Include="FishingManager.h">
      <Filter>Managers</Filter>
    </ClInclude>
    <ClInclude Include="CraftingManager.h">
      <Filter>Managers</Filter>
    </ClInclude>
    <ClInclude Include="QuestManager.h">
      <Filter>Managers</Filter>
    </ClInclude>
    <ClInclude Include="GuildManager.h">
      <Filter>Managers</Filter>
    </ClInclude>
    <ClInclude Include="FloatingTextTypes.h">
      <Filter>Rendering</Filter>
    </ClInclude>
    <ClInclude Include="Game.h" />
    <ClInclude Include="GameConstants.h">
      <Filter>Core</Filter>
    </ClInclude>
    <ClInclude Include="GameFonts.h">
      <Filter>Core</Filter>
    </ClInclude>
    <ClInclude Include="GameModeManager.h">
      <Filter>Managers</Filter>
    </ClInclude>
    <ClInclude Include="GameTimer.h">
      <Filter>Core</Filter>
    </ClInclude>
    <ClInclude Include="..\Dependencies\Shared\Render\Application.h">
      <Filter>Shared\Rendering</Filter>
    </ClInclude>
    <ClInclude Include="GlobalDef.h" />
    <ClInclude Include="InputStateHelper.h">
      <Filter>Input</Filter>
    </ClInclude>
    <ClInclude Include="ItemTooltip.h">
      <Filter>Rendering</Filter>
    </ClInclude>
    <ClInclude Include="TextFieldRenderer.h">
      <Filter>Rendering</Filter>
    </ClInclude>
    <ClInclude Include="IDialogBox.h">
      <Filter>DialogBox</Filter>
    </ClInclude>
    <ClInclude Include="GameMode.h">
      <Filter>Screens</Filter>
    </ClInclude>
    <ClInclude Include="IGameScreen.h">
      <Filter>Screens</Filter>
    </ClInclude>
    <ClInclude Include="LocalCacheManager.h">
      <Filter>Managers</Filter>
    </ClInclude>
    <ClInclude Include="Magic.h">
      <Filter>Entities</Filter>
    </ClInclude>
    <ClInclude Include="MapData.h">
      <Filter>World</Filter>
    </ClInclude>
    <ClInclude Include="Misc.h">
      <Filter>Entities</Filter>
    </ClInclude>
    <ClInclude Include="NetworkMessageManager.h">
      <Filter>Network</Filter>
    </ClInclude>
    <ClInclude Include="NpcRenderer.h">
      <Filter>Rendering</Filter>
    </ClInclude>
    <ClInclude Include="Overlay_ChangePassword.h">
      <Filter>Screens\Overlays</Filter>
    </ClInclude>
    <ClInclude Include="Overlay_Connecting.h">
      <Filter>Screens\Overlays</Filter>
    </ClInclude>
    <ClInclude Include="Overlay_ConnectionLost.h">
      <Filter>Screens\Overlays</Filter>
    </ClInclude>
    <ClInclude Include="Overlay_LogResMsg.h">
      <Filter>Screens\Overlays</Filter>
    </ClInclude>
    <ClInclude Include="Overlay_Msg.h">
      <Filter>Screens\Overlays</Filter>
    </ClInclude>
    <ClInclude Include="Overlay_QueryDeleteCharacter.h">
      <Filter>Screens\Overlays</Filter>
    </ClInclude>
    <ClInclude Include="Overlay_QueryForceLogin.h">
      <Filter>Screens\Overlays</Filter>
    </ClInclude>
    <ClInclude Include="Overlay_VersionNotMatch.h">
      <Filter>Screens\Overlays</Filter>
    </ClInclude>
    <ClInclude Include="Overlay_WaitInitData.h">
      <Filter>Screens\Overlays</Filter>
    </ClInclude>
    <ClInclude Include="Overlay_WaitingResponse.h">
      <Filter>Screens\Overlays</Filter>
    </ClInclude>
    <ClInclude Include="Player.h">
      <Filter>Entities</Filter>
    </ClInclude>
    <ClInclude Include="PlayerController.h">
      <Filter>Entities</Filter>
    </ClInclude>
    <ClInclude Include="PlayerRenderer.h">
      <Filter>Rendering</Filter>
    </ClInclude>
    <ClInclude Include="RenderHelpers.h">
      <Filter>Rendering</Filter>
    </ClInclude>
    <ClInclude Include="Screen_CreateAccount.h">
      <Filter>Screens</Filter>
    </ClInclude>
    <ClInclude Include="Screen_CreateNewCharacter.h">
      <Filter>Screens</Filter>
    </ClInclude>
    <ClInclude Include="Screen_Loading.h">
      <Filter>Screens</Filter>
    </ClInclude>
    <ClInclude Include="Screen_Login.h">
      <Filter>Screens</Filter>
    </ClInclude>
    <ClInclude Include="Screen_MainMenu.h">
      <Filter>Screens</Filter>
    </ClInclude>
    <ClInclude Include="Screen_OnGame.h">
      <Filter>Screens</Filter>
    </ClInclude>
    <ClInclude Include="Screen_Quit.h">
      <Filter>Screens</Filter>
    </ClInclude>
    <ClInclude Include="Screen_SelectCharacter.h">
      <Filter>Screens</Filter>
    </ClInclude>
    <ClInclude Include="Screen_Splash.h">
      <Filter>Screens</Filter>
    </ClInclude>
    <ClInclude Include="Screen_Test.h">
      <Filter>Screens</Filter>
    </ClInclude>
    <ClInclude Include="Screen_TestPrimitives.h">
      <Filter>Screens</Filter>
    </ClInclude>
    <ClInclude Include="Skill.h">
      <Filter>Entities</Filter>
    </ClInclude>
    <ClInclude Include="SpellAoE.h">
      <Filter>Effects</Filter>
    </ClInclude>
    <ClInclude Include="SpriteID.h">
      <Filter>Rendering</Filter>
    </ClInclude>
    <ClInclude Include="Tile.h">
      <Filter>World</Filter>
    </ClInclude>
    <ClInclude Include="TileSpr.h">
      <Filter>World</Filter>
    </ClInclude>
    <ClInclude Include="WeatherManager.h">
      <Filter>Managers</Filter>
    </ClInclude>
    <ClInclude Include="lan_eng.h">
      <Filter>Language</Filter>
    </ClInclude>
    <ClInclude Include="resource.h">
      <Filter>Core</Filter>
    </ClInclude>
    <ClInclude Include="..\Dependencies\Shared\Net\ASIOSocket.h">
      <Filter>Shared\Network</Filter>
    </ClInclude>
    <ClInclude Include="..\Dependencies\Shared\Entity\ActionID.h">
      <Filter>Shared\Entity</Filter>
    </ClInclude>
    <ClInclude Include="..\Dependencies\Shared\Game\AdminLevel.h">
      <Filter>Shared\Game</Filter>
    </ClInclude>
    <ClInclude Include="..\Dependencies\Shared\Entity\Appearance.h">
      <Filter>Shared\Entity</Filter>
    </ClInclude>
    <ClInclude Include="..\Dependencies\Shared\Render\BitmapFontFactory.h">
      <Filter>Shared\Rendering</Filter>
    </ClInclude>
    <ClInclude Include="..\Dependencies\Shared\Util\SHA256.h">
      <Filter>Shared</Filter>
    </ClInclude>
    <ClInclude Include="..\Dependencies\Shared\vendor\picosha2.h">
      <Filter>Shared</Filter>
    </ClInclude>
    <ClInclude Include="..\Dependencies\Shared\Render\ColorUtils.h">
      <Filter>Shared\Rendering</Filter>
    </ClInclude>
    <ClInclude Include="..\Dependencies\Shared\Net\ConcurrentMsgQueue.h">
      <Filter>Shared\Network</Filter>
    </ClInclude>
    <ClInclude Include="..\Dependencies\Shared\Entity\DynamicObjectID.h">
      <Filter>Shared\Entity</Filter>
    </ClInclude>
    <ClInclude Include="..\Dependencies\Shared\Entity\EntityRelationship.h">
      <Filter>Shared\Entity</Filter>
    </ClInclude>
    <ClInclude Include="..\Dependencies\Shared\Render\GameGeometry.h">
      <Filter>Shared\Rendering</Filter>
    </ClInclude>
    <ClInclude Include="..\Dependencies\Shared\Render\IBitmapFont.h">
      <Filter>Shared\Interfaces</Filter>
    </ClInclude>
    <ClInclude Include="..\Dependencies\Shared\Render\IInput.h">
      <Filter>Shared\Interfaces</Filter>
    </ClInclude>
    <ClInclude Include="..\Dependencies\Shared\Net\IOServicePool.h">
      <Filter>Shared\Network</Filter>
    </ClInclude>
    <ClInclude Include="..\Dependencies\Shared\Render\IRenderer.h">
      <Filter>Shared\Interfaces</Filter>
    </ClInclude>
    <ClInclude Include="..\Dependencies\Shared\Render\ISprite.h">
      <Filter>Shared\Interfaces</Filter>
    </ClInclude>
    <ClInclude Include="..\Dependencies\Shared\Render\ISpriteFactory.h">
      <Filter>Shared\Interfaces</Filter>
    </ClInclude>
    <ClInclude Include="..\Dependencies\Shared\Render\ITextRenderer.h">
      <Filter>Shared\Interfaces</Filter>
    </ClInclude>
    <ClInclude Include="..\Dependencies\Shared\Render\ITexture.h">
      <Filter>Shared\Interfaces</Filter>
    </ClInclude>
    <ClInclude Include="..\Dependencies\Shared\Render\Event.h">
      <Filter>Shared\Rendering</Filter>
    </ClInclude>
    <ClInclude Include="..\Dependencies\Shared\Render\IWindow.h">
      <Filter>Shared\Interfaces</Filter>
    </ClInclude>
    <ClInclude Include="..\Dependencies\Shared\Item\Item.h">
      <Filter>Shared\Item</Filter>
    </ClInclude>
    <ClInclude Include="..\Dependencies\Shared\Item\ItemAttributes.h">
      <Filter>Shared\Item</Filter>
    </ClInclude>
    <ClInclude Include="..\Dependencies\Shared\Item\ItemEnums.h">
      <Filter>Shared\Item</Filter>
    </ClInclude>
    <ClInclude Include="..\Dependencies\Shared\Item\SharedItem.h">
      <Filter>Shared\Item</Filter>
    </ClInclude>
    <ClInclude Include="..\Dependencies\Shared\Game\MagicTypes.h">
      <Filter>Shared\Game</Filter>
    </ClInclude>
    <ClInclude Include="..\Dependencies\Shared\Net\NetConstants.h">
      <Filter>Shared\Network</Filter>
    </ClInclude>
    <ClInclude Include="..\Dependencies\Shared\Net\NetMessages.h">
      <Filter>Shared\Network</Filter>
    </ClInclude>
    <ClInclude Include="..\Dependencies\Shared\Render\NullSprite.h">
      <Filter>Shared\Rendering</Filter>
    </ClInclude>
    <ClInclude Include="..\Dependencies\Shared\Packet\PacketCalcSocket.h">
      <Filter>Shared\Packet</Filter>
    </ClInclude>
    <ClInclude Include="..\Dependencies\Shared\Packet\PacketCommon.h">
      <Filter>Shared\Packet</Filter>
    </ClInclude>
    <ClInclude Include="..\Dependencies\Shared\Packet\PacketConfigCache.h">
      <Filter>Shared\Packet</Filter>
    </ClInclude>
    <ClInclude Include="..\Dependencies\Shared\Packet\PacketEvent.h">
      <Filter>Shared\Packet</Filter>
    </ClInclude>
    <ClInclude Include="..\Dependencies\Shared\Packet\PacketHeaders.h">
      <Filter>Shared\Packet</Filter>
    </ClInclude>
    <ClInclude Include="..\Dependencies\Shared\Packet\PacketHelpers.h">
      <Filter>Shared\Packet</Filter>
    </ClInclude>
    <ClInclude Include="..\Dependencies\Shared\Packet\PacketItemConfig.h">
      <Filter>Shared\Packet</Filter>
    </ClInclude>
    <ClInclude Include="..\Dependencies\Shared\Packet\PacketLogin.h">
      <Filter>Shared\Packet</Filter>
    </ClInclude>
    <ClInclude Include="..\Dependencies\Shared\Packet\PacketLoginResponse.h">
      <Filter>Shared\Packet</Filter>
    </ClInclude>
    <ClInclude Include="..\Dependencies\Shared\Packet\PacketMagicConfig.h">
      <Filter>Shared\Packet</Filter>
    </ClInclude>
    <ClInclude Include="..\Dependencies\Shared\Packet\PacketMap.h">
      <Filter>Shared\Packet</Filter>
    </ClInclude>
    <ClInclude Include="..\Dependencies\Shared\Packet\PacketMotion.h">
      <Filter>Shared\Packet</Filter>
    </ClInclude>
    <ClInclude Include="..\Dependencies\Shared\Packet\PacketNotify.h">
      <Filter>Shared\Packet</Filter>
    </ClInclude>
    <ClInclude Include="..\Dependencies\Shared\Packet\PacketRequest.h">
      <Filter>Shared\Packet</Filter>
    </ClInclude>
    <ClInclude Include="..\Dependencies\Shared\Packet\PacketResponse.h">
      <Filter>Shared\Packet</Filter>
    </ClInclude>
    <ClInclude Include="..\Dependencies\Shared\Packet\PacketShop.h">
      <Filter>Shared\Packet</Filter>
    </ClInclude>
    <ClInclude Include="..\Dependencies\Shared\Packet\PacketSkillConfig.h">
      <Filter>Shared\Packet</Filter>
    </ClInclude>
    <ClInclude Include="..\Dependencies\Shared\Packet\SharedPackets.h">
      <Filter>Shared\Packet</Filter>
    </ClInclude>
    <ClInclude Include="..\Dependencies\Shared\Entity\PlayerStatusData.h">
      <Filter>Shared\Entity</Filter>
    </ClInclude>
    <ClInclude Include="..\Dependencies\Shared\Render\PrimitiveTypes.h">
      <Filter>Shared\Rendering</Filter>
    </ClInclude>
    <ClInclude Include="..\Dependencies\Shared\Render\RenderConstants.h">
      <Filter>Shared\Rendering</Filter>
    </ClInclude>
    <ClInclude Include="..\Dependencies\Shared\Render\RendererFactory.h">
      <Filter>Shared\Rendering</Filter>
    </ClInclude>
    <ClInclude Include="..\Dependencies\Shared\Render\ResolutionConfig.h">
      <Filter>Shared\Rendering</Filter>
    </ClInclude>
    <ClInclude Include="..\Dependencies\Shared\Game\SharedCalculations.h">
      <Filter>Shared\Game</Filter>
    </ClInclude>
    <ClInclude Include="..\Dependencies\Shared\Game\FormulaEngine.h">
      <Filter>Shared\Game</Filter>
    </ClInclude>
    <ClInclude Include="..\Dependencies\Shared\Render\SpriteCollection.h">
      <Filter>Shared\Rendering</Filter>
    </ClInclude>
    <ClInclude Include="..\Dependencies\Shared\Render\SpriteLoader.h">
      <Filter>Shared\Rendering</Filter>
    </ClInclude>
    <ClInclude Include="..\Dependencies\Shared\Render\SpriteTypes.h">
      <Filter>Shared\Rendering</Filter>
    </ClInclude>
    <ClInclude Include="..\Dependencies\Shared\Render\TextLib.h">
      <Filter>Shared\Rendering</Filter>
    </ClInclude>
    <ClInclude Include="..\Dependencies\Shared\Log\Log.h">
      <Filter>Shared\Log</Filter>
    </ClInclude>
    <ClInclude Include="..\Dependencies\Shared\Log\LogLevel.h">
      <Filter>Shared\Log</Filter>
    </ClInclude>
    <ClInclude Include="..\Dependencies\Shared\Log\LogBackend.h">
      <Filter>Shared\Log</Filter>
    </ClInclude>
    <ClInclude Include="ClientLogChannels.h">
      <Filter>Core</Filter>
    </ClInclude>
    <ClInclude Include="GameEvents.h">
      <Filter>Core</Filter>
    </ClInclude>
    <ClInclude Include="performance_monitor.h">
      <Filter>Core</Filter>
    </ClInclude>
    <ClInclude Include="$(SolutionDir)Dependencies\Shared\Entity\OwnerType.h">
      <Filter>Shared\Entity</Filter>
    </ClInclude>
    <ClInclude Include="$(SolutionDir)Dependencies\Shared\Entity\ObjectIDRange.h">
      <Filter>Shared\Entity</Filter>
    </ClInclude>
    <ClInclude Include="..\Dependencies\Shared\version_info.h">
      <Filter>Shared</Filter>
    </ClInclude>
    <ClInclude Include="..\Dependencies\Shared\platform_headers.h">
      <Filter>Shared</Filter>
    </ClInclude>
  </ItemGroup>
  <ItemGroup>
    <ClCompile Include="AnimationState.cpp">
      <Filter>Entities</Filter>
    </ClCompile>
    <ClCompile Include="AudioManager.cpp">
      <Filter>Managers</Filter>
    </ClCompile>
    <ClCompile Include="Camera.cpp">
      <Filter>World</Filter>
    </ClCompile>
    <ClCompile Include="CombatSystem.cpp">
      <Filter>Managers</Filter>
    </ClCompile>
    <ClCompile Include="InventoryManager.cpp">
      <Filter>Managers</Filter>
    </ClCompile>
    <ClCompile Include="MagicCastingSystem.cpp">
      <Filter>Managers</Filter>
    </ClCompile>
    <ClCompile Include="BuildItemManager.cpp">
      <Filter>Managers</Filter>
    </ClCompile>
    <ClCompile Include="ShopManager.cpp">
      <Filter>Managers</Filter>
    </ClCompile>
    <ClCompile Include="TeleportManager.cpp">
      <Filter>Managers</Filter>
    </ClCompile>
    <ClCompile Include="TextInputManager.cpp">
      <Filter>Managers</Filter>
    </ClCompile>
    <ClCompile Include="EventListManager.cpp">
      <Filter>Managers</Filter>
    </ClCompile>
    <ClCompile Include="ChatCommandManager.cpp">
      <Filter>Chat</Filter>
    </ClCompile>
    <ClCompile Include="ChatManager.cpp">
      <Filter>Chat</Filter>
    </ClCompile>
    <ClCompile Include="ItemNameFormatter.cpp">
      <Filter>Managers</Filter>
    </ClCompile>
    <ClCompile Include="ItemSpriteMetadata.cpp">
      <Filter>Managers</Filter>
    </ClCompile>
    <ClCompile Include="CommonTypes.cpp">
      <Filter>Core</Filter>
    </ClCompile>
    <ClCompile Include="ConfigManager.cpp">
      <Filter>Managers</Filter>
    </ClCompile>
    <ClCompile Include="CursorTarget.cpp">
      <Filter>Input</Filter>
    </ClCompile>
    <ClCompile Include="DialogBoxManager.cpp">
      <Filter>DialogBox</Filter>
    </ClCompile>
    <ClCompile Include="DialogBox_Bank.cpp">
      <Filter>DialogBox</Filter>
    </ClCompile>
    <ClCompile Include="DialogBox_ChangeStatsMajestic.cpp">
      <Filter>DialogBox</Filter>
    </ClCompile>
    <ClCompile Include="DialogBox_TesterMenu.cpp">
      <Filter>DialogBox</Filter>
    </ClCompile>
    <ClCompile Include="DialogBox_ItemCreator.cpp">
      <Filter>DialogBox</Filter>
    </ClCompile>
    <ClCompile Include="DialogBox_Character.cpp">
      <Filter>DialogBox</Filter>
    </ClCompile>
    <ClCompile Include="DialogBox_ChatHistory.cpp">
      <Filter>DialogBox</Filter>
    </ClCompile>
    <ClCompile Include="DialogBox_CityHallMenu.cpp">
      <Filter>DialogBox</Filter>
    </ClCompile>
    <ClCompile Include="DialogBox_Commander.cpp">
      <Filter>DialogBox</Filter>
    </ClCompile>
    <ClCompile Include="DialogBox_ConfirmExchange.cpp">
      <Filter>DialogBox</Filter>
    </ClCompile>
    <ClCompile Include="DialogBox_Constructor.cpp">
      <Filter>DialogBox</Filter>
    </ClCompile>
    <ClCompile Include="DialogBox_CrusadeJob.cpp">
      <Filter>DialogBox</Filter>
    </ClCompile>
    <ClCompile Include="DialogBox_Exchange.cpp">
      <Filter>DialogBox</Filter>
    </ClCompile>
    <ClCompile Include="DialogBox_Fishing.cpp">
      <Filter>DialogBox</Filter>
    </ClCompile>
    <ClCompile Include="DialogBox_GuideMap.cpp">
      <Filter>DialogBox</Filter>
    </ClCompile>
    <ClCompile Include="DialogBox_CommandHallMenu.cpp">
      <Filter>DialogBox</Filter>
    </ClCompile>
    <ClCompile Include="DialogBox_GuildMenu.cpp">
      <Filter>DialogBox</Filter>
    </ClCompile>
    <ClCompile Include="DialogBox_GuildOperation.cpp">
      <Filter>DialogBox</Filter>
    </ClCompile>
    <ClCompile Include="DialogBox_Help.cpp">
      <Filter>DialogBox</Filter>
    </ClCompile>
    <ClCompile Include="DialogBox_HudPanel.cpp">
      <Filter>DialogBox</Filter>
    </ClCompile>
    <ClCompile Include="DialogBox_StatusOverlay.cpp">
      <Filter>DialogBox</Filter>
    </ClCompile>
    <ClCompile Include="DialogBox_Inventory.cpp">
      <Filter>DialogBox</Filter>
    </ClCompile>
    <ClCompile Include="DialogBox_ItemDrop.cpp">
      <Filter>DialogBox</Filter>
    </ClCompile>
    <ClCompile Include="DialogBox_ItemDropAmount.cpp">
      <Filter>DialogBox</Filter>
    </ClCompile>
    <ClCompile Include="DialogBox_ItemUpgrade.cpp">
      <Filter>DialogBox</Filter>
    </ClCompile>
    <ClCompile Include="DialogBox_LevelUpSetting.cpp">
      <Filter>DialogBox</Filter>
    </ClCompile>
    <ClCompile Include="DialogBox_Magic.cpp">
      <Filter>DialogBox</Filter>
    </ClCompile>
    <ClCompile Include="DialogBox_MagicShop.cpp">
      <Filter>DialogBox</Filter>
    </ClCompile>
    <ClCompile Include="DialogBox_Manufacture.cpp">
      <Filter>DialogBox</Filter>
    </ClCompile>
    <ClCompile Include="DialogBox_Map.cpp">
      <Filter>DialogBox</Filter>
    </ClCompile>
    <ClCompile Include="DialogBox_Noticement.cpp">
      <Filter>DialogBox</Filter>
    </ClCompile>
    <ClCompile Include="DialogBox_NpcActionQuery.cpp">
      <Filter>DialogBox</Filter>
    </ClCompile>
    <ClCompile Include="DialogBox_NpcTalk.cpp">
      <Filter>DialogBox</Filter>
    </ClCompile>
    <ClCompile Include="DialogBox_Party.cpp">
      <Filter>DialogBox</Filter>
    </ClCompile>
    <ClCompile Include="DialogBox_Quest.cpp">
      <Filter>DialogBox</Filter>
    </ClCompile>
    <ClCompile Include="DialogBox_RepairAll.cpp">
      <Filter>DialogBox</Filter>
    </ClCompile>
    <ClCompile Include="DialogBox_Resurrect.cpp">
      <Filter>DialogBox</Filter>
    </ClCompile>
    <ClCompile Include="DialogBox_SellList.cpp">
      <Filter>DialogBox</Filter>
    </ClCompile>
    <ClCompile Include="DialogBox_SellOrRepair.cpp">
      <Filter>DialogBox</Filter>
    </ClCompile>
    <ClCompile Include="DialogBox_Shop.cpp">
      <Filter>DialogBox</Filter>
    </ClCompile>
    <ClCompile Include="DialogBox_Skill.cpp">
      <Filter>DialogBox</Filter>
    </ClCompile>
    <ClCompile Include="DialogBox_Slates.cpp">
      <Filter>DialogBox</Filter>
    </ClCompile>
    <ClCompile Include="DialogBox_Soldier.cpp">
      <Filter>DialogBox</Filter>
    </ClCompile>
    <ClCompile Include="DialogBox_SysMenu.cpp">
      <Filter>DialogBox</Filter>
    </ClCompile>
    <ClCompile Include="DialogBox_Text.cpp">
      <Filter>DialogBox</Filter>
    </ClCompile>
    <ClCompile Include="DialogBox_WarningMsg.cpp">
      <Filter>DialogBox</Filter>
    </ClCompile>
    <ClCompile Include="EffectManager.cpp">
      <Filter>Effects</Filter>
    </ClCompile>
    <ClCompile Include="Effect_Add.cpp">
      <Filter>Effects</Filter>
    </ClCompile>
    <ClCompile Include="Effect_Draw.cpp">
      <Filter>Effects</Filter>
    </ClCompile>
    <ClCompile Include="Effect_Lights.cpp">
      <Filter>Effects</Filter>
    </ClCompile>
    <ClCompile Include="Effect_Update.cpp">
      <Filter>Effects</Filter>
    </ClCompile>
    <ClCompile Include="EntityMotion.cpp">
      <Filter>Entities</Filter>
    </ClCompile>
    <ClCompile Include="EquipmentIndices.cpp">
      <Filter>Rendering</Filter>
    </ClCompile>
    <ClCompile Include="FloatingTextManager.cpp">
      <Filter>Rendering</Filter>
    </ClCompile>
    <ClCompile Include="Screen_OnGame.DrawObjects.cpp">
      <Filter>Screens</Filter>
    </ClCompile>
    <ClCompile Include="Screen_OnGame.Hotkeys.cpp">
      <Filter>Screens</Filter>
    </ClCompile>
    <ClCompile Include="Game.cpp" />
    <ClCompile Include="GameModeManager.cpp">
      <Filter>Managers</Filter>
    </ClCompile>
    <ClCompile Include="..\Dependencies\Shared\Render\Application.cpp">
      <Filter>Shared\Rendering</Filter>
    </ClCompile>
    <ClCompile Include="HotkeyManager.cpp">
      <Filter>Managers</Filter>
    </ClCompile>
    <ClCompile Include="IDialogBox.cpp">
      <Filter>DialogBox</Filter>
    </ClCompile>
    <ClCompile Include="IGameScreen.cpp">
      <Filter>Screens</Filter>
    </ClCompile>
    <ClCompile Include="LocalCacheManager.cpp">
      <Filter>Managers</Filter>
    </ClCompile>
    <ClCompile Include="MapData.cpp">
      <Filter>World</Filter>
    </ClCompile>
    <ClCompile Include="NetworkMessageManager.cpp">
      <Filter>Network</Filter>
    </ClCompile>
    <ClCompile Include="NetworkMessages_Admin.cpp">
      <Filter>Network\Messages</Filter>
    </ClCompile>
    <ClCompile Include="NetworkMessages_Agriculture.cpp">
      <Filter>Network\Messages</Filter>
    </ClCompile>
    <ClCompile Include="NetworkMessages_Angels.cpp">
      <Filter>Network\Messages</Filter>
    </ClCompile>
    <ClCompile Include="NetworkMessages_Apocalypse.cpp">
      <Filter>Network\Messages</Filter>
    </ClCompile>
    <ClCompile Include="NetworkMessages_Bank.cpp">
      <Filter>Network\Messages</Filter>
    </ClCompile>
    <ClCompile Include="NetworkMessages_Combat.cpp">
      <Filter>Network\Messages</Filter>
    </ClCompile>
    <ClCompile Include="NetworkMessages_Crafting.cpp">
      <Filter>Network\Messages</Filter>
    </ClCompile>
    <ClCompile Include="NetworkMessages_Crusade.cpp">
      <Filter>Network\Messages</Filter>
    </ClCompile>
    <ClCompile Include="NetworkMessages_Events.cpp">
      <Filter>Network\Messages</Filter>
    </ClCompile>
    <ClCompile Include="NetworkMessages_Exchange.cpp">
      <Filter>Network\Messages</Filter>
    </ClCompile>
    <ClCompile Include="NetworkMessages_Fish.cpp">
      <Filter>Network\Messages</Filter>
    </ClCompile>
    <ClCompile Include="FishingManager.cpp">
      <Filter>Managers</Filter>
    </ClCompile>
    <ClCompile Include="CraftingManager.cpp">
      <Filter>Managers</Filter>
    </ClCompile>
    <ClCompile Include="QuestManager.cpp">
      <Filter>Managers</Filter>
    </ClCompile>
    <ClCompile Include="GuildManager.cpp">
      <Filter>Managers</Filter>
    </ClCompile>
    <ClCompile Include="NetworkMessages_Guild.cpp">
      <Filter>Network\Messages</Filter>
    </ClCompile>
    <ClCompile Include="NetworkMessages_Heldenian.cpp">
      <Filter>Network\Messages</Filter>
    </ClCompile>
    <ClCompile Include="NetworkMessages_Items.cpp">
      <Filter>Network\Messages</Filter>
    </ClCompile>
    <ClCompile Include="NetworkMessages_Map.cpp">
      <Filter>Network\Messages</Filter>
    </ClCompile>
    <ClCompile Include="NetworkMessages_Party.cpp">
      <Filter>Network\Messages</Filter>
    </ClCompile>
    <ClCompile Include="NetworkMessages_Player.cpp">
      <Filter>Network\Messages</Filter>
    </ClCompile>
    <ClCompile Include="NetworkMessages_Quest.cpp">
      <Filter>Network\Messages</Filter>
    </ClCompile>
    <ClCompile Include="NetworkMessages_Skills.cpp">
      <Filter>Network\Messages</Filter>
    </ClCompile>
    <ClCompile Include="NetworkMessages_Slates.cpp">
      <Filter>Network\Messages</Filter>
    </ClCompile>
    <ClCompile Include="NetworkMessages_Stats.cpp">
      <Filter>Network\Messages</Filter>
    </ClCompile>
    <ClCompile Include="NetworkMessages_System.cpp">
      <Filter>Network\Messages</Filter>
    </ClCompile>
    <ClCompile Include="NpcRenderer.cpp">
      <Filter>Rendering</Filter>
    </ClCompile>
    <ClCompile Include="Overlay_ChangePassword.cpp">
      <Filter>Screens\Overlays</Filter>
    </ClCompile>
    <ClCompile Include="Overlay_Connecting.cpp">
      <Filter>Screens\Overlays</Filter>
    </ClCompile>
    <ClCompile Include="Overlay_ConnectionLost.cpp">
      <Filter>Screens\Overlays</Filter>
    </ClCompile>
    <ClCompile Include="Overlay_LogResMsg.cpp">
      <Filter>Screens\Overlays</Filter>
    </ClCompile>
    <ClCompile Include="Overlay_Msg.cpp">
      <Filter>Screens\Overlays</Filter>
    </ClCompile>
    <ClCompile Include="Overlay_QueryDeleteCharacter.cpp">
      <Filter>Screens\Overlays</Filter>
    </ClCompile>
    <ClCompile Include="Overlay_QueryForceLogin.cpp">
      <Filter>Screens\Overlays</Filter>
    </ClCompile>
    <ClCompile Include="Overlay_VersionNotMatch.cpp">
      <Filter>Screens\Overlays</Filter>
    </ClCompile>
    <ClCompile Include="Overlay_WaitInitData.cpp">
      <Filter>Screens\Overlays</Filter>
    </ClCompile>
    <ClCompile Include="Overlay_WaitingResponse.cpp">
      <Filter>Screens\Overlays</Filter>
    </ClCompile>
    <ClCompile Include="Player.cpp">
      <Filter>Entities</Filter>
    </ClCompile>
    <ClCompile Include="PlayerController.cpp">
      <Filter>Entities</Filter>
    </ClCompile>
    <ClCompile Include="PlayerRenderer.cpp">
      <Filter>Rendering</Filter>
    </ClCompile>
    <ClCompile Include="RenderHelpers.cpp">
      <Filter>Rendering</Filter>
    </ClCompile>
    <ClCompile Include="Screen_CreateAccount.cpp">
      <Filter>Screens</Filter>
    </ClCompile>
    <ClCompile Include="Screen_CreateNewCharacter.cpp">
      <Filter>Screens</Filter>
    </ClCompile>
    <ClCompile Include="Screen_Loading.cpp">
      <Filter>Screens</Filter>
    </ClCompile>
    <ClCompile Include="Screen_Login.cpp">
      <Filter>Screens</Filter>
    </ClCompile>
    <ClCompile Include="Screen_MainMenu.cpp">
      <Filter>Screens</Filter>
    </ClCompile>
    <ClCompile Include="Screen_OnGame.cpp">
      <Filter>Screens</Filter>
    </ClCompile>
    <ClCompile Include="Screen_OnGame.Network.cpp">
      <Filter>Screens</Filter>
    </ClCompile>
    <ClCompile Include="Screen_Quit.cpp">
      <Filter>Screens</Filter>
    </ClCompile>
    <ClCompile Include="Screen_SelectCharacter.cpp">
      <Filter>Screens</Filter>
    </ClCompile>
    <ClCompile Include="Screen_Splash.cpp">
      <Filter>Screens</Filter>
    </ClCompile>
    <ClCompile Include="Screen_Test.cpp">
      <Filter>Screens</Filter>
    </ClCompile>
    <ClCompile Include="Screen_TestPrimitives.cpp">
      <Filter>Screens</Filter>
    </ClCompile>
    <ClCompile Include="SpellAoE.cpp">
      <Filter>Effects</Filter>
    </ClCompile>
    <ClCompile Include="WeatherManager.cpp">
      <Filter>Managers</Filter>
    </ClCompile>
    <ClCompile Include="Wmain.cpp" />
    <ClCompile Include="miniaudio_impl.cpp">
      <Filter>Managers</Filter>
    </ClCompile>
    <ClCompile Include="..\Dependencies\Shared\Net\ASIOSocket.cpp">
      <Filter>Shared\Network</Filter>
    </ClCompile>
    <ClCompile Include="..\Dependencies\Shared\Net\IOServicePool.cpp">
      <Filter>Shared\Network</Filter>
    </ClCompile>
    <ClCompile Include="..\Dependencies\Shared\Render\Event.cpp">
      <Filter>Shared\Rendering</Filter>
    </ClCompile>
    <ClCompile Include="..\Dependencies\Shared\Render\ResolutionConfig.cpp">
      <Filter>Shared\Rendering</Filter>
    </ClCompile>
    <ClCompile Include="..\Dependencies\Shared\Log\LogBackend.cpp">
      <Filter>Shared\Log</Filter>
    </ClCompile>
    <ClCompile Include="..\Dependencies\Shared\Util\SHA256.cpp">
      <Filter>Shared</Filter>
    </ClCompile>
    <ClCompile Include="..\Dependencies\Shared\Game\FormulaEngine.cpp">
      <Filter>Shared\Game</Filter>
    </ClCompile>
    <ClCompile Include="ClientLog.cpp">
      <Filter>Core</Filter>
    </ClCompile>
    <ClCompile Include="performance_monitor.cpp">
      <Filter>Core</Filter>
    </ClCompile>
    <ClCompile Include="InputStateHelper.cpp">
      <Filter>Input</Filter>
    </ClCompile>
    <ClCompile Include="ItemTooltip.cpp">
      <Filter>Rendering</Filter>
    </ClCompile>
    <ClCompile Include="TextFieldRenderer.cpp">
      <Filter>Rendering</Filter>
    </ClCompile>
  </ItemGroup>
  <ItemGroup>
    <ResourceCompile Include="Game.rc">
      <Filter>Resources</Filter>
    </ResourceCompile>
    <Image Include="icon1.ico">
      <Filter>Resources</Filter>
    </Image>
  </ItemGroup>
  <ItemGroup>
    <None Include="..\version.cfg">
      <Filter>Core</Filter>
    </None>
  </ItemGroup>
</Project>