<?xml version="1.0" encoding="utf-8"?>
<Project xmlns="http://schemas.microsoft.com/developer/msbuild/2003" ToolsVersion="4.0">
  <ItemGroup>
    <Filter Include="Console">
      <UniqueIdentifier>{a1b2c3d4-1111-2222-3333-444455556666}</UniqueIdentifier>
    </Filter>
    <Filter Include="Console\Commands">
      <UniqueIdentifier>{a1b2c3d4-1111-2222-3333-44445555cccc}</UniqueIdentifier>
    </Filter>
    <Filter Include="Core">
      <UniqueIdentifier>{a1b2c3d4-1111-2222-3333-44445555bbbb}</UniqueIdentifier>
    </Filter>
    <Filter Include="Data Types">
      <UniqueIdentifier>{a1b2c3d4-1111-2222-3333-44445555aaaa}</UniqueIdentifier>
    </Filter>
    <Filter Include="Database">
      <UniqueIdentifier>{a1b2c3d4-1111-2222-3333-444455557777}</UniqueIdentifier>
    </Filter>
    <Filter Include="Game Chat">
      <UniqueIdentifier>{a1b2c3d4-1111-2222-3333-44445555dddd}</UniqueIdentifier>
    </Filter>
    <Filter Include="Game Chat\Commands">
      <UniqueIdentifier>{a1b2c3d4-1111-2222-3333-44445555eeee}</UniqueIdentifier>
    </Filter>
    <Filter Include="Networking">
      <UniqueIdentifier>{a1b2c3d4-1111-2222-3333-444455558888}</UniqueIdentifier>
    </Filter>
    <Filter Include="World">
      <UniqueIdentifier>{a1b2c3d4-1111-2222-3333-444455559999}</UniqueIdentifier>
    </Filter>
    <Filter Include="Shared">
      <UniqueIdentifier>{d1e2f3a4-b5c6-7890-abcd-shared000001}</UniqueIdentifier>
    </Filter>
    <Filter Include="Shared\Interfaces">
      <UniqueIdentifier>{d1e2f3a4-b5c6-7890-abcd-shared000002}</UniqueIdentifier>
    </Filter>
    <Filter Include="Shared\Item">
      <UniqueIdentifier>{d1e2f3a4-b5c6-7890-abcd-shared000003}</UniqueIdentifier>
    </Filter>
    <Filter Include="Shared\Network">
      <UniqueIdentifier>{d1e2f3a4-b5c6-7890-abcd-shared000004}</UniqueIdentifier>
    </Filter>
    <Filter Include="Shared\Packet">
      <UniqueIdentifier>{d1e2f3a4-b5c6-7890-abcd-shared000005}</UniqueIdentifier>
    </Filter>
    <Filter Include="Shared\Rendering">
      <UniqueIdentifier>{d1e2f3a4-b5c6-7890-abcd-shared000006}</UniqueIdentifier>
    </Filter>
    <Filter Include="Shared\Entity">
      <UniqueIdentifier>{d1e2f3a4-b5c6-7890-abcd-shared000007}</UniqueIdentifier>
    </Filter>
    <Filter Include="Shared\Game">
      <UniqueIdentifier>{d1e2f3a4-b5c6-7890-abcd-shared000008}</UniqueIdentifier>
    </Filter>
    <Filter Include="Shared\Log">
      <UniqueIdentifier>{d1e2f3a4-b5c6-7890-abcd-shared000009}</UniqueIdentifier>
    </Filter>
  </ItemGroup>
  <ItemGroup>
    <ClInclude Include="AccountSqliteStore.h">
      <Filter>Database</Filter>
    </ClInclude>
    <ClInclude Include="ActionID_Server.h">
      <Filter>Core</Filter>
    </ClInclude>
    <ClInclude Include="BuildItem.h">
      <Filter>Data Types</Filter>
    </ClInclude>
    <ClInclude Include="Client.h">
      <Filter>World</Filter>
    </ClInclude>
    <ClInclude Include="CmdBroadcast.h">
      <Filter>Console\Commands</Filter>
    </ClInclude>
    <ClInclude Include="CmdGiveItem.h">
      <Filter>Console\Commands</Filter>
    </ClInclude>
    <ClInclude Include="CmdHelp.h">
      <Filter>Console\Commands</Filter>
    </ClInclude>
    <ClInclude Include="CmdReload.h">
      <Filter>Console\Commands</Filter>
    </ClInclude>
    <ClInclude Include="CmdSetAdmin.h">
      <Filter>Console\Commands</Filter>
    </ClInclude>
    <ClInclude Include="CmdSetCmdLevel.h">
      <Filter>Console\Commands</Filter>
    </ClInclude>
    <ClInclude Include="CmdShowChat.h">
      <Filter>Console\Commands</Filter>
    </ClInclude>
    <ClInclude Include="CommonTypes.h">
      <Filter>Core</Filter>
    </ClInclude>
    <ClInclude Include="DelayEvent.h">
      <Filter>Data Types</Filter>
    </ClInclude>
    <ClInclude Include="DynamicObject.h">
      <Filter>Data Types</Filter>
    </ClInclude>
    <ClInclude Include="EntityManager.h">
      <Filter>World</Filter>
    </ClInclude>
    <ClInclude Include="FishingManager.h">
      <Filter>World</Filter>
    </ClInclude>
    <ClInclude Include="MiningManager.h">
      <Filter>World</Filter>
    </ClInclude>
    <ClInclude Include="CraftingManager.h">
      <Filter>World</Filter>
    </ClInclude>
    <ClInclude Include="QuestManager.h">
      <Filter>World</Filter>
    </ClInclude>
    <ClInclude Include="GuildManager.h">
      <Filter>World</Filter>
    </ClInclude>
    <ClInclude Include="DelayEventManager.h">
      <Filter>World</Filter>
    </ClInclude>
    <ClInclude Include="DynamicObjectManager.h">
      <Filter>World</Filter>
    </ClInclude>
    <ClInclude Include="LootManager.h">
      <Filter>World</Filter>
    </ClInclude>
    <ClInclude Include="CombatManager.h">
      <Filter>World</Filter>
    </ClInclude>
    <ClInclude Include="RegenManager.h">
      <Filter>World</Filter>
    </ClInclude>
    <ClInclude Include="Fish.h">
      <Filter>Data Types</Filter>
    </ClInclude>
    <ClInclude Include="Game.h" />
    <ClInclude Include="GameChatCommand.h">
      <Filter>Game Chat</Filter>
    </ClInclude>
    <ClInclude Include="GameCmdBlock.h">
      <Filter>Game Chat\Commands</Filter>
    </ClInclude>
    <ClInclude Include="GameCmdCome.h">
      <Filter>Game Chat\Commands</Filter>
    </ClInclude>
    <ClInclude Include="GameCmdCreateItem.h">
      <Filter>Game Chat\Commands</Filter>
    </ClInclude>
    <ClInclude Include="GameCmdGM.h">
      <Filter>Game Chat\Commands</Filter>
    </ClInclude>
    <ClInclude Include="GameCmdGiveItem.h">
      <Filter>Game Chat\Commands</Filter>
    </ClInclude>
    <ClInclude Include="GameCmdGoto.h">
      <Filter>Game Chat\Commands</Filter>
    </ClInclude>
    <ClInclude Include="GameCmdInvis.h">
      <Filter>Game Chat\Commands</Filter>
    </ClInclude>
    <ClInclude Include="GameCmdRegen.h">
      <Filter>Game Chat\Commands</Filter>
    </ClInclude>
    <ClInclude Include="GameCmdSpawn.h">
      <Filter>Game Chat\Commands</Filter>
    </ClInclude>
    <ClInclude Include="GameCmdUnblock.h">
      <Filter>Game Chat\Commands</Filter>
    </ClInclude>
    <ClInclude Include="GameCmdWhisper.h">
      <Filter>Game Chat\Commands</Filter>
    </ClInclude>
    <ClInclude Include="GameConfigSqliteStore.h">
      <Filter>Database</Filter>
    </ClInclude>
    <ClInclude Include="ServerConfig.h">
      <Filter>Database</Filter>
    </ClInclude>
    <ClInclude Include="GlobalDef.h" />

    <ClInclude Include="Item.h">
      <Filter>Data Types</Filter>
    </ClInclude>
    <ClInclude Include="LoginServer.h">
      <Filter>Networking</Filter>
    </ClInclude>
    <ClInclude Include="Magic.h">
      <Filter>Data Types</Filter>
    </ClInclude>
    <ClInclude Include="Map.h">
      <Filter>World</Filter>
    </ClInclude>
    <ClInclude Include="MapInfoSqliteStore.h">
      <Filter>Database</Filter>
    </ClInclude>
    <ClInclude Include="MessageIndex.h">
      <Filter>Core</Filter>
    </ClInclude>
    <ClInclude Include="Mineral.h">
      <Filter>Data Types</Filter>
    </ClInclude>
    <ClInclude Include="Misc.h">
      <Filter>Core</Filter>
    </ClInclude>
    <ClInclude Include="NetworkMsg.h">
      <Filter>Networking</Filter>
    </ClInclude>
    <ClInclude Include="Npc.h">
      <Filter>World</Filter>
    </ClInclude>
    <ClInclude Include="OccupyFlag.h">
      <Filter>Data Types</Filter>
    </ClInclude>
    <ClInclude Include="PartyManager.h">
      <Filter>World</Filter>
    </ClInclude>
    <ClInclude Include="PasswordHash.h">
      <Filter>Database</Filter>
    </ClInclude>
    <ClInclude Include="StringCompat.h">
      <Filter>Core</Filter>
    </ClInclude>
    <ClInclude Include="TimeUtils.h">
      <Filter>Core</Filter>
    </ClInclude>
    <ClInclude Include="Portion.h">
      <Filter>Data Types</Filter>
    </ClInclude>
    <ClInclude Include="Quest.h">
      <Filter>World</Filter>
    </ClInclude>
    <ClInclude Include="ServerCommand.h">
      <Filter>Console</Filter>
    </ClInclude>
    <ClInclude Include="ServerConsole.h">
      <Filter>Console</Filter>
    </ClInclude>
    <ClInclude Include="ServerMessages.h">
      <Filter>Core</Filter>
    </ClInclude>
    <ClInclude Include="Skill.h">
      <Filter>Data Types</Filter>
    </ClInclude>
    <ClInclude Include="StrategicPoint.h">
      <Filter>Data Types</Filter>
    </ClInclude>
    <ClInclude Include="TeleportLoc.h">
      <Filter>Data Types</Filter>
    </ClInclude>
    <ClInclude Include="Tile.h">
      <Filter>World</Filter>
    </ClInclude>
    <ClInclude Include="version.h">
      <Filter>Core</Filter>
    </ClInclude>
    <ClInclude Include="..\Dependencies\Shared\Net\ASIOSocket.h">
      <Filter>Shared\Network</Filter>
    </ClInclude>
    <ClInclude Include="..\Dependencies\Shared\Entity\ActionID.h">
      <Filter>Shared\Entity</Filter>
    </ClInclude>
    <ClInclude Include="..\Dependencies\Shared\Game\AdminLevel.h">
      <Filter>Shared\Game</Filter>
    </ClInclude>
    <ClInclude Include="..\Dependencies\Shared\Entity\Appearance.h">
      <Filter>Shared\Entity</Filter>
    </ClInclude>
    <ClInclude Include="..\Dependencies\Shared\Render\BitmapFontFactory.h">
      <Filter>Shared\Rendering</Filter>
    </ClInclude>
    <ClInclude Include="..\Dependencies\Shared\Util\SHA256.h">
      <Filter>Shared</Filter>
    </ClInclude>
    <ClInclude Include="..\Dependencies\Shared\vendor\picosha2.h">
      <Filter>Shared</Filter>
    </ClInclude>
    <ClInclude Include="..\Dependencies\Shared\Render\ColorUtils.h">
      <Filter>Shared\Rendering</Filter>
    </ClInclude>
    <ClInclude Include="..\Dependencies\Shared\Net\ConcurrentMsgQueue.h">
      <Filter>Shared\Network</Filter>
    </ClInclude>
    <ClInclude Include="..\Dependencies\Shared\Entity\DynamicObjectID.h">
      <Filter>Shared\Entity</Filter>
    </ClInclude>
    <ClInclude Include="..\Dependencies\Shared\Entity\EntityRelationship.h">
      <Filter>Shared\Entity</Filter>
    </ClInclude>
    <ClInclude Include="..\Dependencies\Shared\Render\GameGeometry.h">
      <Filter>Shared\Rendering</Filter>
    </ClInclude>
    <ClInclude Include="..\Dependencies\Shared\Render\IBitmapFont.h">
      <Filter>Shared\Interfaces</Filter>
    </ClInclude>
    <ClInclude Include="..\Dependencies\Shared\Render\IInput.h">
      <Filter>Shared\Interfaces</Filter>
    </ClInclude>
    <ClInclude Include="..\Dependencies\Shared\Net\IOServicePool.h">
      <Filter>Shared\Network</Filter>
    </ClInclude>
    <ClInclude Include="..\Dependencies\Shared\Render\IRenderer.h">
      <Filter>Shared\Interfaces</Filter>
    </ClInclude>
    <ClInclude Include="..\Dependencies\Shared\Render\ISprite.h">
      <Filter>Shared\Interfaces</Filter>
    </ClInclude>
    <ClInclude Include="..\Dependencies\Shared\Render\ISpriteFactory.h">
      <Filter>Shared\Interfaces</Filter>
    </ClInclude>
    <ClInclude Include="..\Dependencies\Shared\Render\ITextRenderer.h">
      <Filter>Shared\Interfaces</Filter>
    </ClInclude>
    <ClInclude Include="..\Dependencies\Shared\Render\ITexture.h">
      <Filter>Shared\Interfaces</Filter>
    </ClInclude>
    <ClInclude Include="..\Dependencies\Shared\Render\IWindow.h">
      <Filter>Shared\Interfaces</Filter>
    </ClInclude>
    <ClInclude Include="..\Dependencies\Shared\Item\Item.h">
      <Filter>Shared\Item</Filter>
    </ClInclude>
    <ClInclude Include="..\Dependencies\Shared\Item\ItemAttributes.h">
      <Filter>Shared\Item</Filter>
    </ClInclude>
    <ClInclude Include="..\Dependencies\Shared\Item\ItemEnums.h">
      <Filter>Shared\Item</Filter>
    </ClInclude>
    <ClInclude Include="..\Dependencies\Shared\Item\SharedItem.h">
      <Filter>Shared\Item</Filter>
    </ClInclude>
    <ClInclude Include="..\Dependencies\Shared\Game\MagicTypes.h">
      <Filter>Shared\Game</Filter>
    </ClInclude>
    <ClInclude Include="..\Dependencies\Shared\Net\NetConstants.h">
      <Filter>Shared\Network</Filter>
    </ClInclude>
    <ClInclude Include="..\Dependencies\Shared\Net\NetMessages.h">
      <Filter>Shared\Network</Filter>
    </ClInclude>
    <ClInclude Include="..\Dependencies\Shared\Render\NullSprite.h">
      <Filter>Shared\Rendering</Filter>
    </ClInclude>
    <ClInclude Include="..\Dependencies\Shared\Packet\PacketCalcSocket.h">
      <Filter>Shared\Packet</Filter>
    </ClInclude>
    <ClInclude Include="..\Dependencies\Shared\Packet\PacketCommon.h">
      <Filter>Shared\Packet</Filter>
    </ClInclude>
    <ClInclude Include="..\Dependencies\Shared\Packet\PacketConfigCache.h">
      <Filter>Shared\Packet</Filter>
    </ClInclude>
    <ClInclude Include="..\Dependencies\Shared\Packet\PacketEvent.h">
      <Filter>Shared\Packet</Filter>
    </ClInclude>
    <ClInclude Include="..\Dependencies\Shared\Packet\PacketHeaders.h">
      <Filter>Shared\Packet</Filter>
    </ClInclude>
    <ClInclude Include="..\Dependencies\Shared\Packet\PacketHelpers.h">
      <Filter>Shared\Packet</Filter>
    </ClInclude>
    <ClInclude Include="..\Dependencies\Shared\Packet\PacketItemConfig.h">
      <Filter>Shared\Packet</Filter>
    </ClInclude>
    <ClInclude Include="..\Dependencies\Shared\Packet\PacketLogin.h">
      <Filter>Shared\Packet</Filter>
    </ClInclude>
    <ClInclude Include="..\Dependencies\Shared\Packet\PacketLoginResponse.h">
      <Filter>Shared\Packet</Filter>
    </ClInclude>
    <ClInclude Include="..\Dependencies\Shared\Packet\PacketMagicConfig.h">
      <Filter>Shared\Packet</Filter>
    </ClInclude>
    <ClInclude Include="..\Dependencies\Shared\Packet\PacketMap.h">
      <Filter>Shared\Packet</Filter>
    </ClInclude>
    <ClInclude Include="..\Dependencies\Shared\Packet\PacketMotion.h">
      <Filter>Shared\Packet</Filter>
    </ClInclude>
    <ClInclude Include="..\Dependencies\Shared\Packet\PacketNotify.h">
      <Filter>Shared\Packet</Filter>
    </ClInclude>
    <ClInclude Include="..\Dependencies\Shared\Packet\PacketRequest.h">
      <Filter>Shared\Packet</Filter>
    </ClInclude>
    <ClInclude Include="..\Dependencies\Shared\Packet\PacketResponse.h">
      <Filter>Shared\Packet</Filter>
    </ClInclude>
    <ClInclude Include="..\Dependencies\Shared\Packet\PacketShop.h">
      <Filter>Shared\Packet</Filter>
    </ClInclude>
    <ClInclude Include="..\Dependencies\Shared\Packet\PacketSkillConfig.h">
      <Filter>Shared\Packet</Filter>
    </ClInclude>
    <ClInclude Include="..\Dependencies\Shared\Packet\SharedPackets.h">
      <Filter>Shared\Packet</Filter>
    </ClInclude>
    <ClInclude Include="..\Dependencies\Shared\Entity\PlayerStatusData.h">
      <Filter>Shared\Entity</Filter>
    </ClInclude>
    <ClInclude Include="..\Dependencies\Shared\Render\PrimitiveTypes.h">
      <Filter>Shared\Rendering</Filter>
    </ClInclude>
    <ClInclude Include="..\Dependencies\Shared\Render\RenderConstants.h">
      <Filter>Shared\Rendering</Filter>
    </ClInclude>
    <ClInclude Include="..\Dependencies\Shared\Render\RendererFactory.h">
      <Filter>Shared\Rendering</Filter>
    </ClInclude>
    <ClInclude Include="..\Dependencies\Shared\Render\ResolutionConfig.h">
      <Filter>Shared\Rendering</Filter>
    </ClInclude>
    <ClInclude Include="..\Dependencies\Shared\Game\SharedCalculations.h">
      <Filter>Shared\Game</Filter>
    </ClInclude>
    <ClInclude Include="..\Dependencies\Shared\Render\SpriteCollection.h">
      <Filter>Shared\Rendering</Filter>
    </ClInclude>
    <ClInclude Include="..\Dependencies\Shared\Render\SpriteLoader.h">
      <Filter>Shared\Rendering</Filter>
    </ClInclude>
    <ClInclude Include="..\Dependencies\Shared\Render\SpriteTypes.h">
      <Filter>Shared\Rendering</Filter>
    </ClInclude>
    <ClInclude Include="..\Dependencies\Shared\Render\TextLib.h">
      <Filter>Shared\Rendering</Filter>
    </ClInclude>
    <ClInclude Include="..\Dependencies\Shared\Log\Log.h">
      <Filter>Shared\Log</Filter>
    </ClInclude>
    <ClInclude Include="..\Dependencies\Shared\Log\LogLevel.h">
      <Filter>Shared\Log</Filter>
    </ClInclude>
    <ClInclude Include="..\Dependencies\Shared\Log\LogBackend.h">
      <Filter>Shared\Log</Filter>
    </ClInclude>
    <ClInclude Include="ServerLogChannels.h">
      <Filter>Console</Filter>
    </ClInclude>
    <ClInclude Include="ItemManager.h" />
    <ClInclude Include="MagicManager.h" />
    <ClInclude Include="SkillManager.h" />
    <ClInclude Include="WarManager.h" />
    <ClInclude Include="StatusEffectManager.h" />
  </ItemGroup>
  <ItemGroup>
    <ClCompile Include="AccountSqliteStore.cpp">
      <Filter>Database</Filter>
    </ClCompile>
    <ClCompile Include="Client.cpp">
      <Filter>World</Filter>
    </ClCompile>
    <ClCompile Include="CmdBroadcast.cpp">
      <Filter>Console\Commands</Filter>
    </ClCompile>
    <ClCompile Include="CmdGiveItem.cpp">
      <Filter>Console\Commands</Filter>
    </ClCompile>
    <ClCompile Include="CmdHelp.cpp">
      <Filter>Console\Commands</Filter>
    </ClCompile>
    <ClCompile Include="CmdReload.cpp">
      <Filter>Console\Commands</Filter>
    </ClCompile>
    <ClCompile Include="CmdSetAdmin.cpp">
      <Filter>Console\Commands</Filter>
    </ClCompile>
    <ClCompile Include="CmdSetCmdLevel.cpp">
      <Filter>Console\Commands</Filter>
    </ClCompile>
    <ClCompile Include="CmdShowChat.cpp">
      <Filter>Console\Commands</Filter>
    </ClCompile>
    <ClCompile Include="CommonTypes.cpp">
      <Filter>Core</Filter>
    </ClCompile>
    <ClCompile Include="EntityManager.cpp">
      <Filter>World</Filter>
    </ClCompile>
    <ClCompile Include="FishingManager.cpp">
      <Filter>World</Filter>
    </ClCompile>
    <ClCompile Include="MiningManager.cpp">
      <Filter>World</Filter>
    </ClCompile>
    <ClCompile Include="CraftingManager.cpp">
      <Filter>World</Filter>
    </ClCompile>
    <ClCompile Include="QuestManager.cpp">
      <Filter>World</Filter>
    </ClCompile>
    <ClCompile Include="GuildManager.cpp">
      <Filter>World</Filter>
    </ClCompile>
    <ClCompile Include="DelayEventManager.cpp">
      <Filter>World</Filter>
    </ClCompile>
    <ClCompile Include="DynamicObjectManager.cpp">
      <Filter>World</Filter>
    </ClCompile>
    <ClCompile Include="LootManager.cpp">
      <Filter>World</Filter>
    </ClCompile>
    <ClCompile Include="CombatManager.cpp">
      <Filter>World</Filter>
    </ClCompile>
    <ClCompile Include="RegenManager.cpp">
      <Filter>World</Filter>
    </ClCompile>
    <ClCompile Include="Game.cpp" />
    <ClCompile Include="GameChatCommand.cpp">
      <Filter>Game Chat</Filter>
    </ClCompile>
    <ClCompile Include="GameCmdBlock.cpp">
      <Filter>Game Chat\Commands</Filter>
    </ClCompile>
    <ClCompile Include="GameCmdCome.cpp">
      <Filter>Game Chat\Commands</Filter>
    </ClCompile>
    <ClCompile Include="GameCmdCreateItem.cpp">
      <Filter>Game Chat\Commands</Filter>
    </ClCompile>
    <ClCompile Include="GameCmdGM.cpp">
      <Filter>Game Chat\Commands</Filter>
    </ClCompile>
    <ClCompile Include="GameCmdGiveItem.cpp">
      <Filter>Game Chat\Commands</Filter>
    </ClCompile>
    <ClCompile Include="GameCmdGoto.cpp">
      <Filter>Game Chat\Commands</Filter>
    </ClCompile>
    <ClCompile Include="GameCmdInvis.cpp">
      <Filter>Game Chat\Commands</Filter>
    </ClCompile>
    <ClCompile Include="GameCmdRegen.cpp">
      <Filter>Game Chat\Commands</Filter>
    </ClCompile>
    <ClCompile Include="GameCmdSpawn.cpp">
      <Filter>Game Chat\Commands</Filter>
    </ClCompile>
    <ClCompile Include="GameCmdUnblock.cpp">
      <Filter>Game Chat\Commands</Filter>
    </ClCompile>
    <ClCompile Include="GameCmdWhisper.cpp">
      <Filter>Game Chat\Commands</Filter>
    </ClCompile>
    <ClCompile Include="GameConfigSqliteStore.cpp">
      <Filter>Database</Filter>
    </ClCompile>
    <ClCompile Include="ServerConfig.cpp">
      <Filter>Database</Filter>
    </ClCompile>
    <ClCompile Include="LoginServer.cpp">
      <Filter>Networking</Filter>
    </ClCompile>
    <ClCompile Include="Map.cpp">
      <Filter>World</Filter>
    </ClCompile>
    <ClCompile Include="MapInfoSqliteStore.cpp">
      <Filter>Database</Filter>
    </ClCompile>
    <ClCompile Include="NetworkMsg.cpp">
      <Filter>Networking</Filter>
    </ClCompile>
    <ClCompile Include="Npc.cpp">
      <Filter>World</Filter>
    </ClCompile>
    <ClCompile Include="PartyManager.cpp">
      <Filter>World</Filter>
    </ClCompile>
    <ClCompile Include="Quest.cpp">
      <Filter>World</Filter>
    </ClCompile>
    <ClCompile Include="ServerCommand.cpp">
      <Filter>Console</Filter>
    </ClCompile>
    <ClCompile Include="ServerConsole.cpp">
      <Filter>Console</Filter>
    </ClCompile>
    <ClCompile Include="Tile.cpp">
      <Filter>World</Filter>
    </ClCompile>
    <ClCompile Include="wmain.cpp" />
    <ClCompile Include="..\Dependencies\Shared\Net\ASIOSocket.cpp">
      <Filter>Shared\Network</Filter>
    </ClCompile>
    <ClCompile Include="..\Dependencies\Shared\Net\IOServicePool.cpp">
      <Filter>Shared\Network</Filter>
    </ClCompile>
    <ClCompile Include="..\Dependencies\Shared\Log\LogBackend.cpp">
      <Filter>Shared\Log</Filter>
    </ClCompile>
    <ClCompile Include="..\Dependencies\Shared\Util\SHA256.cpp">
      <Filter>Shared</Filter>
    </ClCompile>
    <ClCompile Include="..\Dependencies\Shared\Game\FormulaEngine.cpp">
      <Filter>Shared</Filter>
    </ClCompile>
    <ClCompile Include="ServerLog.cpp">
      <Filter>Console</Filter>
    </ClCompile>
    <ClCompile Include="ItemManager.cpp" />
    <ClCompile Include="MagicManager.cpp" />
    <ClCompile Include="SkillManager.cpp" />
    <ClCompile Include="WarManager.cpp" />
    <ClCompile Include="StatusEffectManager.cpp" />
  </ItemGroup>
  <ItemGroup>
    <Image Include="logo.bmp" />
  </ItemGroup>
</Project>